<Solution>
  <Folder Name="/src/">
    <Project Path="BuildingBlocks/Shared.csproj" Id="4e03590a-7473-491b-990d-8d39e5c419b2" />
  </Folder>
  <Folder Name="/src/Services/">
    <Project Path="Gateway.API/Gateway.API.csproj" Id="3dee4375-f8d1-4492-a0c7-179e38f829a0" />
    <Project Path="src/Services/Identity.API/Identity.API.csproj" />
    <Project Path="src/Services/Menu.API/Menu.API.csproj" />
    <Project Path="src/Services/Order.API/Order.API.csproj" />
    <Project Path="src/Services/Reservation.API/Reservation.API.csproj" />
  </Folder>
</Solution>
